{
  "name": "react-native-google-drive-api-wrapper",
  "version": "1.0.0",
  "lockfileVersion": 1,
  "requires": true,
  "dependencies": {
    "react-native-google-signin": {
      "version": "1.0.0-rc3",
      "resolved": "https://registry.npmjs.org/react-native-google-signin/-/react-native-google-signin-1.0.0-rc3.tgz",
      "integrity": "sha512-2isJRj262B+48hYRSAwL7feDdPEeiGkhwOE6MPbEkKButra5KJfP4ylcRO/XD99560XDK+/gMTp2ZPIKKCFKaQ=="
    }
  }
}
